[Reading 12 lines from start (total: 12 lines, 0 remaining)]

{
  "name": "zipspeed-by-anakinyoo",
  "version": "75.0.0",
  "lockfileVersion": 3,
  "requires": true,
  "packages": {
    "": {
      "name": "zipspeed-by-anakinyoo",
      "version": "75.0.0"
    }
  }
}

[executed on device: DESKTOP-IL7PNGM (23390c81-6178-4fca-ac0c-6ab0579302a8)]